
Microsoft Visual Studio Solution File, Format Version 12.00
# Visual Studio Version 17
VisualStudioVersion = 17.5.33502.453
MinimumVisualStudioVersion = 10.0.40219.1
Project("{FAE04EC0-301F-11D3-BF4B-00C04F79EFBC}") = "SneakerSellingSystem", "SneakerSellingSystem\SneakerSellingSystem.csproj", "{43EB8245-1C24-4A01-8830-AA3DAE7F2314}"
EndProject
Global
	GlobalSection(SolutionConfigurationPlatforms) = preSolution
		Debug|Any CPU = Debug|Any CPU
		Release|Any CPU = Release|Any CPU
	EndGlobalSection
	GlobalSection(ProjectConfigurationPlatforms) = postSolution
		{43EB8245-1C24-4A01-8830-AA3DAE7F2314}.Debug|Any CPU.ActiveCfg = Debug|Any CPU
		{43EB8245-1C24-4A01-8830-AA3DAE7F2314}.Debug|Any CPU.Build.0 = Debug|Any CPU
		{43EB8245-1C24-4A01-8830-AA3DAE7F2314}.Release|Any CPU.ActiveCfg = Release|Any CPU
		{43EB8245-1C24-4A01-8830-AA3DAE7F2314}.Release|Any CPU.Build.0 = Release|Any CPU
	EndGlobalSection
	GlobalSection(SolutionProperties) = preSolution
		HideSolutionNode = FALSE
	EndGlobalSection
	GlobalSection(ExtensibilityGlobals) = postSolution
		SolutionGuid = {AF55ABB6-3952-46EC-8429-B644C566E65F}
	EndGlobalSection
EndGlobal
